PODS:
  - CoreStore (6.3.1)
  - IQKeyboardManagerSwift (6.3.0)
  - MaterialComponents/AnimationTiming (84.0.0)
  - MaterialComponents/Cards (84.0.0):
    - MaterialComponents/Ink
    - MaterialComponents/private/Icons/ic_check_circle
    - MaterialComponents/private/Math
    - MaterialComponents/Ripple
    - MaterialComponents/ShadowLayer
    - MaterialComponents/Shapes
  - MaterialComponents/Ink (84.0.0):
    - MaterialComponents/private/Math
  - MaterialComponents/private/Icons/Base (84.0.0)
  - MaterialComponents/private/Icons/ic_check_circle (84.0.0):
    - MaterialComponents/private/Icons/Base
  - MaterialComponents/private/Math (84.0.0)
  - MaterialComponents/Ripple (84.0.0):
    - MaterialComponents/AnimationTiming
    - MaterialComponents/private/Math
  - MaterialComponents/ShadowElevations (84.0.0)
  - MaterialComponents/ShadowLayer (84.0.0):
    - MaterialComponents/ShadowElevations
  - MaterialComponents/Shapes (84.0.0):
    - MaterialComponents/private/Math
    - MaterialComponents/ShadowLayer
  - PinLayout (1.8.7)
  - RxCocoa (5.0.0):
    - RxRelay (~> 5)
    - RxSwift (~> 5)
  - RxOptional (4.0.0):
    - RxCocoa (~> 5)
    - RxSwift (~> 5)
  - RxRelay (5.0.0):
    - RxSwift (~> 5)
  - RxSwift (5.0.0)

DEPENDENCIES:
  - CoreStore
  - IQKeyboardManagerSwift
  - MaterialComponents/Cards
  - PinLayout
  - RxCocoa
  - RxOptional
  - RxSwift

SPEC REPOS:
  https://github.com/cocoapods/specs.git:
    - CoreStore
    - IQKeyboardManagerSwift
    - MaterialComponents
    - PinLayout
    - RxCocoa
    - RxOptional
    - RxRelay
    - RxSwift

SPEC CHECKSUMS:
  CoreStore: 1ce7b77a95f0939d90b2d1e04e66a4a5bc1614d7
  IQKeyboardManagerSwift: a8228c257614af98743b4cd8584637025f36358f
  MaterialComponents: ea6e7d777ca716eed90e44700be40a91f4c9c4d5
  PinLayout: a0722a5c8f0e0168a9c091ffe4930dabf0c8582c
  RxCocoa: fcf32050ac00d801f34a7f71d5e8e7f23026dcd8
  RxOptional: 9904e2219d59260c3c171273d475b2126de187e8
  RxRelay: 4f7409406a51a55cd88483f21ed898c234d60f18
  RxSwift: 8b0671caa829a763bbce7271095859121cbd895f

PODFILE CHECKSUM: 12acc16f3b835911f9c1b4e6e43c3749330dc083

COCOAPODS: 1.7.0.beta.2
