// !$*UTF8*$!
{
	archiveVersion = 1;
	classes = {
	};
	objectVersion = 51;
	objects = {

/* Begin PBXBuildFile section */
		0B5A45CC2295FABE00432AED /* HomeViewController+saveContext.swift in Sources */ = {isa = PBXBuildFile; fileRef = 0B5A45CB2295FABE00432AED /* HomeViewController+saveContext.swift */; };
		0B7762042295E6B500088725 /* HomePresenter.swift in Sources */ = {isa = PBXBuildFile; fileRef = 0B7762032295E6B500088725 /* HomePresenter.swift */; };
		0B7762072295E80C00088725 /* DogProvider.swift in Sources */ = {isa = PBXBuildFile; fileRef = 0B7762062295E80C00088725 /* DogProvider.swift */; };
		0BB6B60E22970DE30038BDB1 /* DogPopup.swift in Sources */ = {isa = PBXBuildFile; fileRef = 0BB6B60D22970DE30038BDB1 /* DogPopup.swift */; };
		0BB6B61122970F440038BDB1 /* DogDetailViewController.swift in Sources */ = {isa = PBXBuildFile; fileRef = 0BB6B61022970F440038BDB1 /* DogDetailViewController.swift */; };
		0BB6B61322970F950038BDB1 /* DogDetailView.swift in Sources */ = {isa = PBXBuildFile; fileRef = 0BB6B61222970F950038BDB1 /* DogDetailView.swift */; };
		0BB6B616229732E80038BDB1 /* AddDogViewController.swift in Sources */ = {isa = PBXBuildFile; fileRef = 0BB6B615229732E80038BDB1 /* AddDogViewController.swift */; };
		0BB6B618229732F40038BDB1 /* AddDogView.swift in Sources */ = {isa = PBXBuildFile; fileRef = 0BB6B617229732F40038BDB1 /* AddDogView.swift */; };
		0BC825CC229464850092A7FB /* AppDelegate.swift in Sources */ = {isa = PBXBuildFile; fileRef = 0BC825CB229464850092A7FB /* AppDelegate.swift */; };
		0BC825D4229464850092A7FB /* Rover.xcdatamodeld in Sources */ = {isa = PBXBuildFile; fileRef = 0BC825D2229464850092A7FB /* Rover.xcdatamodeld */; };
		0BC825D6229464870092A7FB /* Assets.xcassets in Resources */ = {isa = PBXBuildFile; fileRef = 0BC825D5229464870092A7FB /* Assets.xcassets */; };
		0BC825D9229464870092A7FB /* LaunchScreen.storyboard in Resources */ = {isa = PBXBuildFile; fileRef = 0BC825D7229464870092A7FB /* LaunchScreen.storyboard */; };
		0BC825E4229464870092A7FB /* RoverTests.swift in Sources */ = {isa = PBXBuildFile; fileRef = 0BC825E3229464870092A7FB /* RoverTests.swift */; };
		0BC825F0229465630092A7FB /* ViewController.swift in Sources */ = {isa = PBXBuildFile; fileRef = 0BC825EF229465630092A7FB /* ViewController.swift */; };
		0BC825F2229465880092A7FB /* ControllerView.swift in Sources */ = {isa = PBXBuildFile; fileRef = 0BC825F1229465880092A7FB /* ControllerView.swift */; };
		0BC825F5229469920092A7FB /* UIViewController+setupNavBar.swift in Sources */ = {isa = PBXBuildFile; fileRef = 0BC825F4229469920092A7FB /* UIViewController+setupNavBar.swift */; };
		0BC825F7229469E00092A7FB /* UIColor+theme.swift in Sources */ = {isa = PBXBuildFile; fileRef = 0BC825F6229469E00092A7FB /* UIColor+theme.swift */; };
		0BC825F922946BB80092A7FB /* UILabel+font.swift in Sources */ = {isa = PBXBuildFile; fileRef = 0BC825F822946BB80092A7FB /* UILabel+font.swift */; };
		0BC825FB22946C710092A7FB /* UIFont+additions.swift in Sources */ = {isa = PBXBuildFile; fileRef = 0BC825FA22946C710092A7FB /* UIFont+additions.swift */; };
		0BC825FD22946CB40092A7FB /* TableView.swift in Sources */ = {isa = PBXBuildFile; fileRef = 0BC825FC22946CB40092A7FB /* TableView.swift */; };
		0BC825FF22946D060092A7FB /* ListViewController.swift in Sources */ = {isa = PBXBuildFile; fileRef = 0BC825FE22946D060092A7FB /* ListViewController.swift */; };
		0BC82602229471F50092A7FB /* HomeViewController.swift in Sources */ = {isa = PBXBuildFile; fileRef = 0BC82601229471F50092A7FB /* HomeViewController.swift */; };
		0BC82605229472390092A7FB /* Dog.swift in Sources */ = {isa = PBXBuildFile; fileRef = 0BC82604229472390092A7FB /* Dog.swift */; };
		0BC8260822947F7C0092A7FB /* DogCell.swift in Sources */ = {isa = PBXBuildFile; fileRef = 0BC8260722947F7C0092A7FB /* DogCell.swift */; };
		16A2FFAE0E61101ECC2887B8 /* Pods_Rover.framework in Frameworks */ = {isa = PBXBuildFile; fileRef = ED1028B1AB858F427EA66806 /* Pods_Rover.framework */; };
		6C2ECEF3C40A25B6866FF599 /* Pods_RoverTests.framework in Frameworks */ = {isa = PBXBuildFile; fileRef = 4777B36BE22CCAF15A3E95A2 /* Pods_RoverTests.framework */; };
/* End PBXBuildFile section */

/* Begin PBXContainerItemProxy section */
		0BC825E0229464870092A7FB /* PBXContainerItemProxy */ = {
			isa = PBXContainerItemProxy;
			containerPortal = 0BC825C0229464850092A7FB /* Project object */;
			proxyType = 1;
			remoteGlobalIDString = 0BC825C7229464850092A7FB;
			remoteInfo = Rover;
		};
/* End PBXContainerItemProxy section */

/* Begin PBXFileReference section */
		0B5A45CB2295FABE00432AED /* HomeViewController+saveContext.swift */ = {isa = PBXFileReference; lastKnownFileType = sourcecode.swift; path = "HomeViewController+saveContext.swift"; sourceTree = "<group>"; };
		0B7762032295E6B500088725 /* HomePresenter.swift */ = {isa = PBXFileReference; lastKnownFileType = sourcecode.swift; path = HomePresenter.swift; sourceTree = "<group>"; };
		0B7762062295E80C00088725 /* DogProvider.swift */ = {isa = PBXFileReference; lastKnownFileType = sourcecode.swift; path = DogProvider.swift; sourceTree = "<group>"; };
		0BB6B60D22970DE30038BDB1 /* DogPopup.swift */ = {isa = PBXFileReference; lastKnownFileType = sourcecode.swift; path = DogPopup.swift; sourceTree = "<group>"; };
		0BB6B61022970F440038BDB1 /* DogDetailViewController.swift */ = {isa = PBXFileReference; lastKnownFileType = sourcecode.swift; path = DogDetailViewController.swift; sourceTree = "<group>"; };
		0BB6B61222970F950038BDB1 /* DogDetailView.swift */ = {isa = PBXFileReference; lastKnownFileType = sourcecode.swift; path = DogDetailView.swift; sourceTree = "<group>"; };
		0BB6B615229732E80038BDB1 /* AddDogViewController.swift */ = {isa = PBXFileReference; lastKnownFileType = sourcecode.swift; path = AddDogViewController.swift; sourceTree = "<group>"; };
		0BB6B617229732F40038BDB1 /* AddDogView.swift */ = {isa = PBXFileReference; lastKnownFileType = sourcecode.swift; path = AddDogView.swift; sourceTree = "<group>"; };
		0BC825C8229464850092A7FB /* Rover.app */ = {isa = PBXFileReference; explicitFileType = wrapper.application; includeInIndex = 0; path = Rover.app; sourceTree = BUILT_PRODUCTS_DIR; };
		0BC825CB229464850092A7FB /* AppDelegate.swift */ = {isa = PBXFileReference; lastKnownFileType = sourcecode.swift; path = AppDelegate.swift; sourceTree = "<group>"; };
		0BC825D3229464850092A7FB /* Rover.xcdatamodel */ = {isa = PBXFileReference; lastKnownFileType = wrapper.xcdatamodel; path = Rover.xcdatamodel; sourceTree = "<group>"; };
		0BC825D5229464870092A7FB /* Assets.xcassets */ = {isa = PBXFileReference; lastKnownFileType = folder.assetcatalog; path = Assets.xcassets; sourceTree = "<group>"; };
		0BC825D8229464870092A7FB /* Base */ = {isa = PBXFileReference; lastKnownFileType = file.storyboard; name = Base; path = Base.lproj/LaunchScreen.storyboard; sourceTree = "<group>"; };
		0BC825DA229464870092A7FB /* Info.plist */ = {isa = PBXFileReference; lastKnownFileType = text.plist.xml; path = Info.plist; sourceTree = "<group>"; };
		0BC825DF229464870092A7FB /* RoverTests.xctest */ = {isa = PBXFileReference; explicitFileType = wrapper.cfbundle; includeInIndex = 0; path = RoverTests.xctest; sourceTree = BUILT_PRODUCTS_DIR; };
		0BC825E3229464870092A7FB /* RoverTests.swift */ = {isa = PBXFileReference; lastKnownFileType = sourcecode.swift; path = RoverTests.swift; sourceTree = "<group>"; };
		0BC825E5229464870092A7FB /* Info.plist */ = {isa = PBXFileReference; lastKnownFileType = text.plist.xml; path = Info.plist; sourceTree = "<group>"; };
		0BC825EF229465630092A7FB /* ViewController.swift */ = {isa = PBXFileReference; lastKnownFileType = sourcecode.swift; path = ViewController.swift; sourceTree = "<group>"; };
		0BC825F1229465880092A7FB /* ControllerView.swift */ = {isa = PBXFileReference; lastKnownFileType = sourcecode.swift; path = ControllerView.swift; sourceTree = "<group>"; };
		0BC825F4229469920092A7FB /* UIViewController+setupNavBar.swift */ = {isa = PBXFileReference; lastKnownFileType = sourcecode.swift; path = "UIViewController+setupNavBar.swift"; sourceTree = "<group>"; };
		0BC825F6229469E00092A7FB /* UIColor+theme.swift */ = {isa = PBXFileReference; lastKnownFileType = sourcecode.swift; path = "UIColor+theme.swift"; sourceTree = "<group>"; };
		0BC825F822946BB80092A7FB /* UILabel+font.swift */ = {isa = PBXFileReference; lastKnownFileType = sourcecode.swift; path = "UILabel+font.swift"; sourceTree = "<group>"; };
		0BC825FA22946C710092A7FB /* UIFont+additions.swift */ = {isa = PBXFileReference; lastKnownFileType = sourcecode.swift; path = "UIFont+additions.swift"; sourceTree = "<group>"; };
		0BC825FC22946CB40092A7FB /* TableView.swift */ = {isa = PBXFileReference; lastKnownFileType = sourcecode.swift; path = TableView.swift; sourceTree = "<group>"; };
		0BC825FE22946D060092A7FB /* ListViewController.swift */ = {isa = PBXFileReference; lastKnownFileType = sourcecode.swift; path = ListViewController.swift; sourceTree = "<group>"; };
		0BC82601229471F50092A7FB /* HomeViewController.swift */ = {isa = PBXFileReference; lastKnownFileType = sourcecode.swift; path = HomeViewController.swift; sourceTree = "<group>"; };
		0BC82604229472390092A7FB /* Dog.swift */ = {isa = PBXFileReference; lastKnownFileType = sourcecode.swift; path = Dog.swift; sourceTree = "<group>"; };
		0BC8260722947F7C0092A7FB /* DogCell.swift */ = {isa = PBXFileReference; lastKnownFileType = sourcecode.swift; path = DogCell.swift; sourceTree = "<group>"; };
		0DA1CE31422023AD8DC3E1CB /* Pods-Rover.release.xcconfig */ = {isa = PBXFileReference; includeInIndex = 1; lastKnownFileType = text.xcconfig; name = "Pods-Rover.release.xcconfig"; path = "Target Support Files/Pods-Rover/Pods-Rover.release.xcconfig"; sourceTree = "<group>"; };
		4777B36BE22CCAF15A3E95A2 /* Pods_RoverTests.framework */ = {isa = PBXFileReference; explicitFileType = wrapper.framework; includeInIndex = 0; path = Pods_RoverTests.framework; sourceTree = BUILT_PRODUCTS_DIR; };
		987CCCC42CB9AE453794311E /* Pods-Rover.debug.xcconfig */ = {isa = PBXFileReference; includeInIndex = 1; lastKnownFileType = text.xcconfig; name = "Pods-Rover.debug.xcconfig"; path = "Target Support Files/Pods-Rover/Pods-Rover.debug.xcconfig"; sourceTree = "<group>"; };
		B9F90C3C5AAF0BAD20609C31 /* Pods-RoverTests.release.xcconfig */ = {isa = PBXFileReference; includeInIndex = 1; lastKnownFileType = text.xcconfig; name = "Pods-RoverTests.release.xcconfig"; path = "Target Support Files/Pods-RoverTests/Pods-RoverTests.release.xcconfig"; sourceTree = "<group>"; };
		ECF9D1B8790FE883C9337F32 /* Pods-RoverTests.debug.xcconfig */ = {isa = PBXFileReference; includeInIndex = 1; lastKnownFileType = text.xcconfig; name = "Pods-RoverTests.debug.xcconfig"; path = "Target Support Files/Pods-RoverTests/Pods-RoverTests.debug.xcconfig"; sourceTree = "<group>"; };
		ED1028B1AB858F427EA66806 /* Pods_Rover.framework */ = {isa = PBXFileReference; explicitFileType = wrapper.framework; includeInIndex = 0; path = Pods_Rover.framework; sourceTree = BUILT_PRODUCTS_DIR; };
/* End PBXFileReference section */

/* Begin PBXFrameworksBuildPhase section */
		0BC825C5229464850092A7FB /* Frameworks */ = {
			isa = PBXFrameworksBuildPhase;
			buildActionMask = 2147483647;
			files = (
				16A2FFAE0E61101ECC2887B8 /* Pods_Rover.framework in Frameworks */,
			);
			runOnlyForDeploymentPostprocessing = 0;
		};
		0BC825DC229464870092A7FB /* Frameworks */ = {
			isa = PBXFrameworksBuildPhase;
			buildActionMask = 2147483647;
			files = (
				6C2ECEF3C40A25B6866FF599 /* Pods_RoverTests.framework in Frameworks */,
			);
			runOnlyForDeploymentPostprocessing = 0;
		};
/* End PBXFrameworksBuildPhase section */

/* Begin PBXGroup section */
		0B7762052295E7E400088725 /* Data */ = {
			isa = PBXGroup;
			children = (
				0B7762062295E80C00088725 /* DogProvider.swift */,
			);
			path = Data;
			sourceTree = "<group>";
		};
		0BB6B60F22970F230038BDB1 /* DogDetail */ = {
			isa = PBXGroup;
			children = (
				0BB6B61222970F950038BDB1 /* DogDetailView.swift */,
				0BB6B61022970F440038BDB1 /* DogDetailViewController.swift */,
			);
			path = DogDetail;
			sourceTree = "<group>";
		};
		0BB6B614229717B20038BDB1 /* AddDog */ = {
			isa = PBXGroup;
			children = (
				0BB6B617229732F40038BDB1 /* AddDogView.swift */,
				0BB6B615229732E80038BDB1 /* AddDogViewController.swift */,
			);
			path = AddDog;
			sourceTree = "<group>";
		};
		0BC825BF229464850092A7FB = {
			isa = PBXGroup;
			children = (
				0BC825CA229464850092A7FB /* Rover */,
				0BC825E2229464870092A7FB /* RoverTests */,
				0BC825C9229464850092A7FB /* Products */,
				311173F51DDCFF60351FC942 /* Pods */,
				47B9A8C105BD9404797D2398 /* Frameworks */,
			);
			sourceTree = "<group>";
		};
		0BC825C9229464850092A7FB /* Products */ = {
			isa = PBXGroup;
			children = (
				0BC825C8229464850092A7FB /* Rover.app */,
				0BC825DF229464870092A7FB /* RoverTests.xctest */,
			);
			name = Products;
			sourceTree = "<group>";
		};
		0BC825CA229464850092A7FB /* Rover */ = {
			isa = PBXGroup;
			children = (
				0BC825CB229464850092A7FB /* AppDelegate.swift */,
				0B7762052295E7E400088725 /* Data */,
				0BC82603229472250092A7FB /* Model */,
				0BC825EE229465400092A7FB /* Presentation */,
				0BC8260622947F6E0092A7FB /* View */,
				0BC825F32294696E0092A7FB /* Utils */,
				0BC825D5229464870092A7FB /* Assets.xcassets */,
				0BC825D7229464870092A7FB /* LaunchScreen.storyboard */,
				0BC825DA229464870092A7FB /* Info.plist */,
				0BC825D2229464850092A7FB /* Rover.xcdatamodeld */,
			);
			path = Rover;
			sourceTree = "<group>";
		};
		0BC825E2229464870092A7FB /* RoverTests */ = {
			isa = PBXGroup;
			children = (
				0BC825E3229464870092A7FB /* RoverTests.swift */,
				0BC825E5229464870092A7FB /* Info.plist */,
			);
			path = RoverTests;
			sourceTree = "<group>";
		};
		0BC825EE229465400092A7FB /* Presentation */ = {
			isa = PBXGroup;
			children = (
				0BC825EF229465630092A7FB /* ViewController.swift */,
				0BC825F1229465880092A7FB /* ControllerView.swift */,
				0BC825FE22946D060092A7FB /* ListViewController.swift */,
				0BC82600229471E30092A7FB /* Home */,
				0BB6B60F22970F230038BDB1 /* DogDetail */,
				0BB6B614229717B20038BDB1 /* AddDog */,
			);
			path = Presentation;
			sourceTree = "<group>";
		};
		0BC825F32294696E0092A7FB /* Utils */ = {
			isa = PBXGroup;
			children = (
				0BC825F4229469920092A7FB /* UIViewController+setupNavBar.swift */,
				0BC825F6229469E00092A7FB /* UIColor+theme.swift */,
				0BC825F822946BB80092A7FB /* UILabel+font.swift */,
				0BC825FA22946C710092A7FB /* UIFont+additions.swift */,
				0BC825FC22946CB40092A7FB /* TableView.swift */,
			);
			path = Utils;
			sourceTree = "<group>";
		};
		0BC82600229471E30092A7FB /* Home */ = {
			isa = PBXGroup;
			children = (
				0BC82601229471F50092A7FB /* HomeViewController.swift */,
				0B5A45CB2295FABE00432AED /* HomeViewController+saveContext.swift */,
				0B7762032295E6B500088725 /* HomePresenter.swift */,
			);
			path = Home;
			sourceTree = "<group>";
		};
		0BC82603229472250092A7FB /* Model */ = {
			isa = PBXGroup;
			children = (
				0BC82604229472390092A7FB /* Dog.swift */,
			);
			path = Model;
			sourceTree = "<group>";
		};
		0BC8260622947F6E0092A7FB /* View */ = {
			isa = PBXGroup;
			children = (
				0BC8260722947F7C0092A7FB /* DogCell.swift */,
				0BB6B60D22970DE30038BDB1 /* DogPopup.swift */,
			);
			path = View;
			sourceTree = "<group>";
		};
		311173F51DDCFF60351FC942 /* Pods */ = {
			isa = PBXGroup;
			children = (
				987CCCC42CB9AE453794311E /* Pods-Rover.debug.xcconfig */,
				0DA1CE31422023AD8DC3E1CB /* Pods-Rover.release.xcconfig */,
				ECF9D1B8790FE883C9337F32 /* Pods-RoverTests.debug.xcconfig */,
				B9F90C3C5AAF0BAD20609C31 /* Pods-RoverTests.release.xcconfig */,
			);
			path = Pods;
			sourceTree = "<group>";
		};
		47B9A8C105BD9404797D2398 /* Frameworks */ = {
			isa = PBXGroup;
			children = (
				ED1028B1AB858F427EA66806 /* Pods_Rover.framework */,
				4777B36BE22CCAF15A3E95A2 /* Pods_RoverTests.framework */,
			);
			name = Frameworks;
			sourceTree = "<group>";
		};
/* End PBXGroup section */

/* Begin PBXNativeTarget section */
		0BC825C7229464850092A7FB /* Rover */ = {
			isa = PBXNativeTarget;
			buildConfigurationList = 0BC825E8229464870092A7FB /* Build configuration list for PBXNativeTarget "Rover" */;
			buildPhases = (
				387223A1D6716125815432AC /* [CP] Check Pods Manifest.lock */,
				0BC825C4229464850092A7FB /* Sources */,
				0BC825C5229464850092A7FB /* Frameworks */,
				0BC825C6229464850092A7FB /* Resources */,
				9E2321BA59258601869DF0C3 /* [CP] Embed Pods Frameworks */,
			);
			buildRules = (
			);
			dependencies = (
			);
			name = Rover;
			productName = Rover;
			productReference = 0BC825C8229464850092A7FB /* Rover.app */;
			productType = "com.apple.product-type.application";
		};
		0BC825DE229464870092A7FB /* RoverTests */ = {
			isa = PBXNativeTarget;
			buildConfigurationList = 0BC825EB229464870092A7FB /* Build configuration list for PBXNativeTarget "RoverTests" */;
			buildPhases = (
				23EFF5070FA6C0A373A8C263 /* [CP] Check Pods Manifest.lock */,
				0BC825DB229464870092A7FB /* Sources */,
				0BC825DC229464870092A7FB /* Frameworks */,
				0BC825DD229464870092A7FB /* Resources */,
			);
			buildRules = (
			);
			dependencies = (
				0BC825E1229464870092A7FB /* PBXTargetDependency */,
			);
			name = RoverTests;
			productName = RoverTests;
			productReference = 0BC825DF229464870092A7FB /* RoverTests.xctest */;
			productType = "com.apple.product-type.bundle.unit-test";
		};
/* End PBXNativeTarget section */

/* Begin PBXProject section */
		0BC825C0229464850092A7FB /* Project object */ = {
			isa = PBXProject;
			attributes = {
				LastSwiftUpdateCheck = 1020;
				LastUpgradeCheck = 1020;
				ORGANIZATIONNAME = "Angel Avila";
				TargetAttributes = {
					0BC825C7229464850092A7FB = {
						CreatedOnToolsVersion = 10.2.1;
					};
					0BC825DE229464870092A7FB = {
						CreatedOnToolsVersion = 10.2.1;
						TestTargetID = 0BC825C7229464850092A7FB;
					};
				};
			};
			buildConfigurationList = 0BC825C3229464850092A7FB /* Build configuration list for PBXProject "Rover" */;
			compatibilityVersion = "Xcode 9.3";
			developmentRegion = en;
			hasScannedForEncodings = 0;
			knownRegions = (
				en,
				Base,
			);
			mainGroup = 0BC825BF229464850092A7FB;
			productRefGroup = 0BC825C9229464850092A7FB /* Products */;
			projectDirPath = "";
			projectRoot = "";
			targets = (
				0BC825C7229464850092A7FB /* Rover */,
				0BC825DE229464870092A7FB /* RoverTests */,
			);
		};
/* End PBXProject section */

/* Begin PBXResourcesBuildPhase section */
		0BC825C6229464850092A7FB /* Resources */ = {
			isa = PBXResourcesBuildPhase;
			buildActionMask = 2147483647;
			files = (
				0BC825D9229464870092A7FB /* LaunchScreen.storyboard in Resources */,
				0BC825D6229464870092A7FB /* Assets.xcassets in Resources */,
			);
			runOnlyForDeploymentPostprocessing = 0;
		};
		0BC825DD229464870092A7FB /* Resources */ = {
			isa = PBXResourcesBuildPhase;
			buildActionMask = 2147483647;
			files = (
			);
			runOnlyForDeploymentPostprocessing = 0;
		};
/* End PBXResourcesBuildPhase section */

/* Begin PBXShellScriptBuildPhase section */
		23EFF5070FA6C0A373A8C263 /* [CP] Check Pods Manifest.lock */ = {
			isa = PBXShellScriptBuildPhase;
			buildActionMask = 2147483647;
			files = (
			);
			inputFileListPaths = (
			);
			inputPaths = (
				"${PODS_PODFILE_DIR_PATH}/Podfile.lock",
				"${PODS_ROOT}/Manifest.lock",
			);
			name = "[CP] Check Pods Manifest.lock";
			outputFileListPaths = (
			);
			outputPaths = (
				"$(DERIVED_FILE_DIR)/Pods-RoverTests-checkManifestLockResult.txt",
			);
			runOnlyForDeploymentPostprocessing = 0;
			shellPath = /bin/sh;
			shellScript = "diff \"${PODS_PODFILE_DIR_PATH}/Podfile.lock\" \"${PODS_ROOT}/Manifest.lock\" > /dev/null\nif [ $? != 0 ] ; then\n    # print error to STDERR\n    echo \"error: The sandbox is not in sync with the Podfile.lock. Run 'pod install' or update your CocoaPods installation.\" >&2\n    exit 1\nfi\n# This output is used by Xcode 'outputs' to avoid re-running this script phase.\necho \"SUCCESS\" > \"${SCRIPT_OUTPUT_FILE_0}\"\n";
			showEnvVarsInLog = 0;
		};
		387223A1D6716125815432AC /* [CP] Check Pods Manifest.lock */ = {
			isa = PBXShellScriptBuildPhase;
			buildActionMask = 2147483647;
			files = (
			);
			inputFileListPaths = (
			);
			inputPaths = (
				"${PODS_PODFILE_DIR_PATH}/Podfile.lock",
				"${PODS_ROOT}/Manifest.lock",
			);
			name = "[CP] Check Pods Manifest.lock";
			outputFileListPaths = (
			);
			outputPaths = (
				"$(DERIVED_FILE_DIR)/Pods-Rover-checkManifestLockResult.txt",
			);
			runOnlyForDeploymentPostprocessing = 0;
			shellPath = /bin/sh;
			shellScript = "diff \"${PODS_PODFILE_DIR_PATH}/Podfile.lock\" \"${PODS_ROOT}/Manifest.lock\" > /dev/null\nif [ $? != 0 ] ; then\n    # print error to STDERR\n    echo \"error: The sandbox is not in sync with the Podfile.lock. Run 'pod install' or update your CocoaPods installation.\" >&2\n    exit 1\nfi\n# This output is used by Xcode 'outputs' to avoid re-running this script phase.\necho \"SUCCESS\" > \"${SCRIPT_OUTPUT_FILE_0}\"\n";
			showEnvVarsInLog = 0;
		};
		9E2321BA59258601869DF0C3 /* [CP] Embed Pods Frameworks */ = {
			isa = PBXShellScriptBuildPhase;
			buildActionMask = 2147483647;
			files = (
			);
			inputFileListPaths = (
				"${PODS_ROOT}/Target Support Files/Pods-Rover/Pods-Rover-frameworks-${CONFIGURATION}-input-files.xcfilelist",
			);
			name = "[CP] Embed Pods Frameworks";
			outputFileListPaths = (
				"${PODS_ROOT}/Target Support Files/Pods-Rover/Pods-Rover-frameworks-${CONFIGURATION}-output-files.xcfilelist",
			);
			runOnlyForDeploymentPostprocessing = 0;
			shellPath = /bin/sh;
			shellScript = "\"${PODS_ROOT}/Target Support Files/Pods-Rover/Pods-Rover-frameworks.sh\"\n";
			showEnvVarsInLog = 0;
		};
/* End PBXShellScriptBuildPhase section */

/* Begin PBXSourcesBuildPhase section */
		0BC825C4229464850092A7FB /* Sources */ = {
			isa = PBXSourcesBuildPhase;
			buildActionMask = 2147483647;
			files = (
				0BC8260822947F7C0092A7FB /* DogCell.swift in Sources */,
				0BC825FB22946C710092A7FB /* UIFont+additions.swift in Sources */,
				0BC825F0229465630092A7FB /* ViewController.swift in Sources */,
				0BB6B616229732E80038BDB1 /* AddDogViewController.swift in Sources */,
				0BB6B60E22970DE30038BDB1 /* DogPopup.swift in Sources */,
				0BC82605229472390092A7FB /* Dog.swift in Sources */,
				0BC825CC229464850092A7FB /* AppDelegate.swift in Sources */,
				0BC825F922946BB80092A7FB /* UILabel+font.swift in Sources */,
				0B5A45CC2295FABE00432AED /* HomeViewController+saveContext.swift in Sources */,
				0BC825FD22946CB40092A7FB /* TableView.swift in Sources */,
				0B7762042295E6B500088725 /* HomePresenter.swift in Sources */,
				0BC825F2229465880092A7FB /* ControllerView.swift in Sources */,
				0BB6B61322970F950038BDB1 /* DogDetailView.swift in Sources */,
				0BC825F7229469E00092A7FB /* UIColor+theme.swift in Sources */,
				0B7762072295E80C00088725 /* DogProvider.swift in Sources */,
				0BC82602229471F50092A7FB /* HomeViewController.swift in Sources */,
				0BC825F5229469920092A7FB /* UIViewController+setupNavBar.swift in Sources */,
				0BC825FF22946D060092A7FB /* ListViewController.swift in Sources */,
				0BB6B61122970F440038BDB1 /* DogDetailViewController.swift in Sources */,
				0BB6B618229732F40038BDB1 /* AddDogView.swift in Sources */,
				0BC825D4229464850092A7FB /* Rover.xcdatamodeld in Sources */,
			);
			runOnlyForDeploymentPostprocessing = 0;
		};
		0BC825DB229464870092A7FB /* Sources */ = {
			isa = PBXSourcesBuildPhase;
			buildActionMask = 2147483647;
			files = (
				0BC825E4229464870092A7FB /* RoverTests.swift in Sources */,
			);
			runOnlyForDeploymentPostprocessing = 0;
		};
/* End PBXSourcesBuildPhase section */

/* Begin PBXTargetDependency section */
		0BC825E1229464870092A7FB /* PBXTargetDependency */ = {
			isa = PBXTargetDependency;
			target = 0BC825C7229464850092A7FB /* Rover */;
			targetProxy = 0BC825E0229464870092A7FB /* PBXContainerItemProxy */;
		};
/* End PBXTargetDependency section */

/* Begin PBXVariantGroup section */
		0BC825D7229464870092A7FB /* LaunchScreen.storyboard */ = {
			isa = PBXVariantGroup;
			children = (
				0BC825D8229464870092A7FB /* Base */,
			);
			name = LaunchScreen.storyboard;
			sourceTree = "<group>";
		};
/* End PBXVariantGroup section */

/* Begin XCBuildConfiguration section */
		0BC825E6229464870092A7FB /* Debug */ = {
			isa = XCBuildConfiguration;
			buildSettings = {
				ALWAYS_SEARCH_USER_PATHS = NO;
				CLANG_ANALYZER_NONNULL = YES;
				CLANG_ANALYZER_NUMBER_OBJECT_CONVERSION = YES_AGGRESSIVE;
				CLANG_CXX_LANGUAGE_STANDARD = "gnu++14";
				CLANG_CXX_LIBRARY = "libc++";
				CLANG_ENABLE_MODULES = YES;
				CLANG_ENABLE_OBJC_ARC = YES;
				CLANG_ENABLE_OBJC_WEAK = YES;
				CLANG_WARN_BLOCK_CAPTURE_AUTORELEASING = YES;
				CLANG_WARN_BOOL_CONVERSION = YES;
				CLANG_WARN_COMMA = YES;
				CLANG_WARN_CONSTANT_CONVERSION = YES;
				CLANG_WARN_DEPRECATED_OBJC_IMPLEMENTATIONS = YES;
				CLANG_WARN_DIRECT_OBJC_ISA_USAGE = YES_ERROR;
				CLANG_WARN_DOCUMENTATION_COMMENTS = YES;
				CLANG_WARN_EMPTY_BODY = YES;
				CLANG_WARN_ENUM_CONVERSION = YES;
				CLANG_WARN_INFINITE_RECURSION = YES;
				CLANG_WARN_INT_CONVERSION = YES;
				CLANG_WARN_NON_LITERAL_NULL_CONVERSION = YES;
				CLANG_WARN_OBJC_IMPLICIT_RETAIN_SELF = YES;
				CLANG_WARN_OBJC_LITERAL_CONVERSION = YES;
				CLANG_WARN_OBJC_ROOT_CLASS = YES_ERROR;
				CLANG_WARN_RANGE_LOOP_ANALYSIS = YES;
				CLANG_WARN_STRICT_PROTOTYPES = YES;
				CLANG_WARN_SUSPICIOUS_MOVE = YES;
				CLANG_WARN_UNGUARDED_AVAILABILITY = YES_AGGRESSIVE;
				CLANG_WARN_UNREACHABLE_CODE = YES;
				CLANG_WARN__DUPLICATE_METHOD_MATCH = YES;
				CODE_SIGN_IDENTITY = "iPhone Developer";
				COPY_PHASE_STRIP = NO;
				DEBUG_INFORMATION_FORMAT = dwarf;
				ENABLE_STRICT_OBJC_MSGSEND = YES;
				ENABLE_TESTABILITY = YES;
				GCC_C_LANGUAGE_STANDARD = gnu11;
				GCC_DYNAMIC_NO_PIC = NO;
				GCC_NO_COMMON_BLOCKS = YES;
				GCC_OPTIMIZATION_LEVEL = 0;
				GCC_PREPROCESSOR_DEFINITIONS = (
					"DEBUG=1",
					"$(inherited)",
				);
				GCC_WARN_64_TO_32_BIT_CONVERSION = YES;
				GCC_WARN_ABOUT_RETURN_TYPE = YES_ERROR;
				GCC_WARN_UNDECLARED_SELECTOR = YES;
				GCC_WARN_UNINITIALIZED_AUTOS = YES_AGGRESSIVE;
				GCC_WARN_UNUSED_FUNCTION = YES;
				GCC_WARN_UNUSED_VARIABLE = YES;
				IPHONEOS_DEPLOYMENT_TARGET = 12.2;
				MTL_ENABLE_DEBUG_INFO = INCLUDE_SOURCE;
				MTL_FAST_MATH = YES;
				ONLY_ACTIVE_ARCH = YES;
				SDKROOT = iphoneos;
				SWIFT_ACTIVE_COMPILATION_CONDITIONS = DEBUG;
				SWIFT_OPTIMIZATION_LEVEL = "-Onone";
			};
			name = Debug;
		};
		0BC825E7229464870092A7FB /* Release */ = {
			isa = XCBuildConfiguration;
			buildSettings = {
				ALWAYS_SEARCH_USER_PATHS = NO;
				CLANG_ANALYZER_NONNULL = YES;
				CLANG_ANALYZER_NUMBER_OBJECT_CONVERSION = YES_AGGRESSIVE;
				CLANG_CXX_LANGUAGE_STANDARD = "gnu++14";
				CLANG_CXX_LIBRARY = "libc++";
				CLANG_ENABLE_MODULES = YES;
				CLANG_ENABLE_OBJC_ARC = YES;
				CLANG_ENABLE_OBJC_WEAK = YES;
				CLANG_WARN_BLOCK_CAPTURE_AUTORELEASING = YES;
				CLANG_WARN_BOOL_CONVERSION = YES;
				CLANG_WARN_COMMA = YES;
				CLANG_WARN_CONSTANT_CONVERSION = YES;
				CLANG_WARN_DEPRECATED_OBJC_IMPLEMENTATIONS = YES;
				CLANG_WARN_DIRECT_OBJC_ISA_USAGE = YES_ERROR;
				CLANG_WARN_DOCUMENTATION_COMMENTS = YES;
				CLANG_WARN_EMPTY_BODY = YES;
				CLANG_WARN_ENUM_CONVERSION = YES;
				CLANG_WARN_INFINITE_RECURSION = YES;
				CLANG_WARN_INT_CONVERSION = YES;
				CLANG_WARN_NON_LITERAL_NULL_CONVERSION = YES;
				CLANG_WARN_OBJC_IMPLICIT_RETAIN_SELF = YES;
				CLANG_WARN_OBJC_LITERAL_CONVERSION = YES;
				CLANG_WARN_OBJC_ROOT_CLASS = YES_ERROR;
				CLANG_WARN_RANGE_LOOP_ANALYSIS = YES;
				CLANG_WARN_STRICT_PROTOTYPES = YES;
				CLANG_WARN_SUSPICIOUS_MOVE = YES;
				CLANG_WARN_UNGUARDED_AVAILABILITY = YES_AGGRESSIVE;
				CLANG_WARN_UNREACHABLE_CODE = YES;
				CLANG_WARN__DUPLICATE_METHOD_MATCH = YES;
				CODE_SIGN_IDENTITY = "iPhone Developer";
				COPY_PHASE_STRIP = NO;
				DEBUG_INFORMATION_FORMAT = "dwarf-with-dsym";
				ENABLE_NS_ASSERTIONS = NO;
				ENABLE_STRICT_OBJC_MSGSEND = YES;
				GCC_C_LANGUAGE_STANDARD = gnu11;
				GCC_NO_COMMON_BLOCKS = YES;
				GCC_WARN_64_TO_32_BIT_CONVERSION = YES;
				GCC_WARN_ABOUT_RETURN_TYPE = YES_ERROR;
				GCC_WARN_UNDECLARED_SELECTOR = YES;
				GCC_WARN_UNINITIALIZED_AUTOS = YES_AGGRESSIVE;
				GCC_WARN_UNUSED_FUNCTION = YES;
				GCC_WARN_UNUSED_VARIABLE = YES;
				IPHONEOS_DEPLOYMENT_TARGET = 12.2;
				MTL_ENABLE_DEBUG_INFO = NO;
				MTL_FAST_MATH = YES;
				SDKROOT = iphoneos;
				SWIFT_COMPILATION_MODE = wholemodule;
				SWIFT_OPTIMIZATION_LEVEL = "-O";
				VALIDATE_PRODUCT = YES;
			};
			name = Release;
		};
		0BC825E9229464870092A7FB /* Debug */ = {
			isa = XCBuildConfiguration;
			baseConfigurationReference = 987CCCC42CB9AE453794311E /* Pods-Rover.debug.xcconfig */;
			buildSettings = {
				ASSETCATALOG_COMPILER_APPICON_NAME = AppIcon;
				CODE_SIGN_STYLE = Manual;
				DEVELOPMENT_TEAM = "";
				INFOPLIST_FILE = Rover/Info.plist;
				IPHONEOS_DEPLOYMENT_TARGET = 10.0;
				LD_RUNPATH_SEARCH_PATHS = (
					"$(inherited)",
					"@executable_path/Frameworks",
				);
				PRODUCT_BUNDLE_IDENTIFIER = "com.Angel-Avila.Rover";
				PRODUCT_NAME = "$(TARGET_NAME)";
				PROVISIONING_PROFILE_SPECIFIER = "";
				SWIFT_VERSION = 5.0;
				TARGETED_DEVICE_FAMILY = "1,2";
			};
			name = Debug;
		};
		0BC825EA229464870092A7FB /* Release */ = {
			isa = XCBuildConfiguration;
			baseConfigurationReference = 0DA1CE31422023AD8DC3E1CB /* Pods-Rover.release.xcconfig */;
			buildSettings = {
				ASSETCATALOG_COMPILER_APPICON_NAME = AppIcon;
				CODE_SIGN_STYLE = Manual;
				DEVELOPMENT_TEAM = "";
				INFOPLIST_FILE = Rover/Info.plist;
				IPHONEOS_DEPLOYMENT_TARGET = 10.0;
				LD_RUNPATH_SEARCH_PATHS = (
					"$(inherited)",
					"@executable_path/Frameworks",
				);
				PRODUCT_BUNDLE_IDENTIFIER = "com.Angel-Avila.Rover";
				PRODUCT_NAME = "$(TARGET_NAME)";
				PROVISIONING_PROFILE_SPECIFIER = "";
				SWIFT_VERSION = 5.0;
				TARGETED_DEVICE_FAMILY = "1,2";
			};
			name = Release;
		};
		0BC825EC229464870092A7FB /* Debug */ = {
			isa = XCBuildConfiguration;
			baseConfigurationReference = ECF9D1B8790FE883C9337F32 /* Pods-RoverTests.debug.xcconfig */;
			buildSettings = {
				ALWAYS_EMBED_SWIFT_STANDARD_LIBRARIES = YES;
				BUNDLE_LOADER = "$(TEST_HOST)";
				CODE_SIGN_STYLE = Automatic;
				DEVELOPMENT_TEAM = PX5B7972N5;
				INFOPLIST_FILE = RoverTests/Info.plist;
				LD_RUNPATH_SEARCH_PATHS = (
					"$(inherited)",
					"@executable_path/Frameworks",
					"@loader_path/Frameworks",
				);
				PRODUCT_BUNDLE_IDENTIFIER = "com.Angel-Avila.RoverTests";
				PRODUCT_NAME = "$(TARGET_NAME)";
				SWIFT_VERSION = 5.0;
				TARGETED_DEVICE_FAMILY = "1,2";
				TEST_HOST = "$(BUILT_PRODUCTS_DIR)/Rover.app/Rover";
			};
			name = Debug;
		};
		0BC825ED229464870092A7FB /* Release */ = {
			isa = XCBuildConfiguration;
			baseConfigurationReference = B9F90C3C5AAF0BAD20609C31 /* Pods-RoverTests.release.xcconfig */;
			buildSettings = {
				ALWAYS_EMBED_SWIFT_STANDARD_LIBRARIES = YES;
				BUNDLE_LOADER = "$(TEST_HOST)";
				CODE_SIGN_STYLE = Automatic;
				DEVELOPMENT_TEAM = PX5B7972N5;
				INFOPLIST_FILE = RoverTests/Info.plist;
				LD_RUNPATH_SEARCH_PATHS = (
					"$(inherited)",
					"@executable_path/Frameworks",
					"@loader_path/Frameworks",
				);
				PRODUCT_BUNDLE_IDENTIFIER = "com.Angel-Avila.RoverTests";
				PRODUCT_NAME = "$(TARGET_NAME)";
				SWIFT_VERSION = 5.0;
				TARGETED_DEVICE_FAMILY = "1,2";
				TEST_HOST = "$(BUILT_PRODUCTS_DIR)/Rover.app/Rover";
			};
			name = Release;
		};
/* End XCBuildConfiguration section */

/* Begin XCConfigurationList section */
		0BC825C3229464850092A7FB /* Build configuration list for PBXProject "Rover" */ = {
			isa = XCConfigurationList;
			buildConfigurations = (
				0BC825E6229464870092A7FB /* Debug */,
				0BC825E7229464870092A7FB /* Release */,
			);
			defaultConfigurationIsVisible = 0;
			defaultConfigurationName = Release;
		};
		0BC825E8229464870092A7FB /* Build configuration list for PBXNativeTarget "Rover" */ = {
			isa = XCConfigurationList;
			buildConfigurations = (
				0BC825E9229464870092A7FB /* Debug */,
				0BC825EA229464870092A7FB /* Release */,
			);
			defaultConfigurationIsVisible = 0;
			defaultConfigurationName = Release;
		};
		0BC825EB229464870092A7FB /* Build configuration list for PBXNativeTarget "RoverTests" */ = {
			isa = XCConfigurationList;
			buildConfigurations = (
				0BC825EC229464870092A7FB /* Debug */,
				0BC825ED229464870092A7FB /* Release */,
			);
			defaultConfigurationIsVisible = 0;
			defaultConfigurationName = Release;
		};
/* End XCConfigurationList section */

/* Begin XCVersionGroup section */
		0BC825D2229464850092A7FB /* Rover.xcdatamodeld */ = {
			isa = XCVersionGroup;
			children = (
				0BC825D3229464850092A7FB /* Rover.xcdatamodel */,
			);
			currentVersion = 0BC825D3229464850092A7FB /* Rover.xcdatamodel */;
			path = Rover.xcdatamodeld;
			sourceTree = "<group>";
			versionGroupType = wrapper.xcdatamodel;
		};
/* End XCVersionGroup section */
	};
	rootObject = 0BC825C0229464850092A7FB /* Project object */;
}
